
Microsoft Visual Studio Solution File, Format Version 12.00
# Visual Studio Version 17
VisualStudioVersion = 17.1.32407.343
MinimumVisualStudioVersion = 10.0.40219.1
Project("{FAE04EC0-301F-11D3-BF4B-00C04F79EFBC}") = "lab_2", "lab_2\lab_2.csproj", "{E189B26F-F33A-483C-94C1-475886C79C6A}"
EndProject
Project("{9A19103F-16F7-4668-BE54-9A1E7A4F7556}") = "vp_lab_6", "vp_lab_6\vp_lab_6.csproj", "{4100B1B7-BBD5-4004-8374-590878CEB4C3}"
EndProject
Project("{FAE04EC0-301F-11D3-BF4B-00C04F79EFBC}") = "lab_3", "lab_3\lab_3.csproj", "{1C512DFF-AA47-40C6-B33C-2F3CBF7E0998}"
EndProject
Project("{FAE04EC0-301F-11D3-BF4B-00C04F79EFBC}") = "lab_4", "lab_4\lab_4.csproj", "{65E41E38-3404-4FD9-9492-055E00798DD0}"
EndProject
Project("{FAE04EC0-301F-11D3-BF4B-00C04F79EFBC}") = "lab_5", "lab_5\lab_5.csproj", "{3320FD78-8D0A-44C5-8190-9B8EAF3DFB3E}"
EndProject
Global
	GlobalSection(SolutionConfigurationPlatforms) = preSolution
		Debug|Any CPU = Debug|Any CPU
		Release|Any CPU = Release|Any CPU
	EndGlobalSection
	GlobalSection(ProjectConfigurationPlatforms) = postSolution
		{E189B26F-F33A-483C-94C1-475886C79C6A}.Debug|Any CPU.ActiveCfg = Debug|Any CPU
		{E189B26F-F33A-483C-94C1-475886C79C6A}.Debug|Any CPU.Build.0 = Debug|Any CPU
		{E189B26F-F33A-483C-94C1-475886C79C6A}.Release|Any CPU.ActiveCfg = Release|Any CPU
		{E189B26F-F33A-483C-94C1-475886C79C6A}.Release|Any CPU.Build.0 = Release|Any CPU
		{4100B1B7-BBD5-4004-8374-590878CEB4C3}.Debug|Any CPU.ActiveCfg = Debug|Any CPU
		{4100B1B7-BBD5-4004-8374-590878CEB4C3}.Debug|Any CPU.Build.0 = Debug|Any CPU
		{4100B1B7-BBD5-4004-8374-590878CEB4C3}.Release|Any CPU.ActiveCfg = Release|Any CPU
		{4100B1B7-BBD5-4004-8374-590878CEB4C3}.Release|Any CPU.Build.0 = Release|Any CPU
		{1C512DFF-AA47-40C6-B33C-2F3CBF7E0998}.Debug|Any CPU.ActiveCfg = Debug|Any CPU
		{1C512DFF-AA47-40C6-B33C-2F3CBF7E0998}.Debug|Any CPU.Build.0 = Debug|Any CPU
		{1C512DFF-AA47-40C6-B33C-2F3CBF7E0998}.Release|Any CPU.ActiveCfg = Release|Any CPU
		{1C512DFF-AA47-40C6-B33C-2F3CBF7E0998}.Release|Any CPU.Build.0 = Release|Any CPU
		{65E41E38-3404-4FD9-9492-055E00798DD0}.Debug|Any CPU.ActiveCfg = Debug|Any CPU
		{65E41E38-3404-4FD9-9492-055E00798DD0}.Debug|Any CPU.Build.0 = Debug|Any CPU
		{65E41E38-3404-4FD9-9492-055E00798DD0}.Release|Any CPU.ActiveCfg = Release|Any CPU
		{65E41E38-3404-4FD9-9492-055E00798DD0}.Release|Any CPU.Build.0 = Release|Any CPU
		{3320FD78-8D0A-44C5-8190-9B8EAF3DFB3E}.Debug|Any CPU.ActiveCfg = Debug|Any CPU
		{3320FD78-8D0A-44C5-8190-9B8EAF3DFB3E}.Debug|Any CPU.Build.0 = Debug|Any CPU
		{3320FD78-8D0A-44C5-8190-9B8EAF3DFB3E}.Release|Any CPU.ActiveCfg = Release|Any CPU
		{3320FD78-8D0A-44C5-8190-9B8EAF3DFB3E}.Release|Any CPU.Build.0 = Release|Any CPU
	EndGlobalSection
	GlobalSection(SolutionProperties) = preSolution
		HideSolutionNode = FALSE
	EndGlobalSection
	GlobalSection(ExtensibilityGlobals) = postSolution
		SolutionGuid = {D83800ED-BA18-4E01-B4BA-26A0CF86C007}
	EndGlobalSection
EndGlobal
